{
  "originHash" : "f460b0f01ea083628a181a64701e7fabef0f3c0af018e2a5ae3f13252b822c75",
  "pins" : [
    {
      "identity" : "stream-video-swift-webrtc",
      "kind" : "remoteSourceControl",
      "location" : "https://github.com/GetStream/stream-video-swift-webrtc.git",
      "state" : {
        "revision" : "f8689677681ed6b8d0f17b409cbbde67273017b2",
        "version" : "145.9.0"
      }
    }
  ],
  "version" : 3
}
