{
  "originHash" : "9477085ce18335177365a0c467ce74546461f566c1bfca52fd708404efc7520f",
  "pins" : [
    {
      "identity" : "stream-video-swift-webrtc",
      "kind" : "remoteSourceControl",
      "location" : "https://github.com/GetStream/stream-video-swift-webrtc.git",
      "state" : {
        "revision" : "133a8a74c645faebc74dcaea2766731f3a142f1f",
        "version" : "145.6.0"
      }
    }
  ],
  "version" : 3
}
