{
  "originHash" : "73a6ad0b2243e4a90eec3ae47d292a5dba09c8d4c2674fb5217658169b394fe7",
  "pins" : [
    {
      "identity" : "stream-video-swift-webrtc",
      "kind" : "remoteSourceControl",
      "location" : "https://github.com/GetStream/stream-video-swift-webrtc.git",
      "state" : {
        "revision" : "295690f1bbaf24a648689aa90a50cdfcfa19948d",
        "version" : "137.0.43"
      }
    }
  ],
  "version" : 3
}
